
Microsoft Visual Studio Solution File, Format Version 12.00
# Visual Studio Version 17
VisualStudioVersion = 17.6.33815.320
MinimumVisualStudioVersion = 10.0.40219.1
Project("{FAE04EC0-301F-11D3-BF4B-00C04F79EFBC}") = "StackLayoutExercise1.Android", "StackLayoutExercise1\StackLayoutExercise1.Android\StackLayoutExercise1.Android.csproj", "{286BE947-9BE9-482D-9551-84CBE30EF01C}"
EndProject
Project("{FAE04EC0-301F-11D3-BF4B-00C04F79EFBC}") = "StackLayoutExercise1.iOS", "StackLayoutExercise1\StackLayoutExercise1.iOS\StackLayoutExercise1.iOS.csproj", "{2B4B7C51-C7A9-4153-ADE9-D867E5281ED1}"
EndProject
Project("{FAE04EC0-301F-11D3-BF4B-00C04F79EFBC}") = "StackLayoutExercise1", "StackLayoutExercise1\StackLayoutExercise1\StackLayoutExercise1.csproj", "{9323D0BC-D8E1-490F-8D08-52999CBCBC6B}"
EndProject
Global
	GlobalSection(SolutionConfigurationPlatforms) = preSolution
		Debug|Any CPU = Debug|Any CPU
		Debug|iPhone = Debug|iPhone
		Debug|iPhoneSimulator = Debug|iPhoneSimulator
		Release|Any CPU = Release|Any CPU
		Release|iPhone = Release|iPhone
		Release|iPhoneSimulator = Release|iPhoneSimulator
	EndGlobalSection
	GlobalSection(ProjectConfigurationPlatforms) = postSolution
		{286BE947-9BE9-482D-9551-84CBE30EF01C}.Debug|Any CPU.ActiveCfg = Debug|Any CPU
		{286BE947-9BE9-482D-9551-84CBE30EF01C}.Debug|Any CPU.Build.0 = Debug|Any CPU
		{286BE947-9BE9-482D-9551-84CBE30EF01C}.Debug|Any CPU.Deploy.0 = Debug|Any CPU
		{286BE947-9BE9-482D-9551-84CBE30EF01C}.Debug|iPhone.ActiveCfg = Debug|Any CPU
		{286BE947-9BE9-482D-9551-84CBE30EF01C}.Debug|iPhone.Build.0 = Debug|Any CPU
		{286BE947-9BE9-482D-9551-84CBE30EF01C}.Debug|iPhone.Deploy.0 = Debug|Any CPU
		{286BE947-9BE9-482D-9551-84CBE30EF01C}.Debug|iPhoneSimulator.ActiveCfg = Debug|Any CPU
		{286BE947-9BE9-482D-9551-84CBE30EF01C}.Debug|iPhoneSimulator.Build.0 = Debug|Any CPU
		{286BE947-9BE9-482D-9551-84CBE30EF01C}.Debug|iPhoneSimulator.Deploy.0 = Debug|Any CPU
		{286BE947-9BE9-482D-9551-84CBE30EF01C}.Release|Any CPU.ActiveCfg = Release|Any CPU
		{286BE947-9BE9-482D-9551-84CBE30EF01C}.Release|Any CPU.Build.0 = Release|Any CPU
		{286BE947-9BE9-482D-9551-84CBE30EF01C}.Release|Any CPU.Deploy.0 = Release|Any CPU
		{286BE947-9BE9-482D-9551-84CBE30EF01C}.Release|iPhone.ActiveCfg = Release|Any CPU
		{286BE947-9BE9-482D-9551-84CBE30EF01C}.Release|iPhone.Build.0 = Release|Any CPU
		{286BE947-9BE9-482D-9551-84CBE30EF01C}.Release|iPhone.Deploy.0 = Release|Any CPU
		{286BE947-9BE9-482D-9551-84CBE30EF01C}.Release|iPhoneSimulator.ActiveCfg = Release|Any CPU
		{286BE947-9BE9-482D-9551-84CBE30EF01C}.Release|iPhoneSimulator.Build.0 = Release|Any CPU
		{286BE947-9BE9-482D-9551-84CBE30EF01C}.Release|iPhoneSimulator.Deploy.0 = Release|Any CPU
		{2B4B7C51-C7A9-4153-ADE9-D867E5281ED1}.Debug|Any CPU.ActiveCfg = Debug|iPhone
		{2B4B7C51-C7A9-4153-ADE9-D867E5281ED1}.Debug|Any CPU.Build.0 = Debug|iPhone
		{2B4B7C51-C7A9-4153-ADE9-D867E5281ED1}.Debug|Any CPU.Deploy.0 = Debug|iPhone
		{2B4B7C51-C7A9-4153-ADE9-D867E5281ED1}.Debug|iPhone.ActiveCfg = Debug|iPhone
		{2B4B7C51-C7A9-4153-ADE9-D867E5281ED1}.Debug|iPhone.Build.0 = Debug|iPhone
		{2B4B7C51-C7A9-4153-ADE9-D867E5281ED1}.Debug|iPhone.Deploy.0 = Debug|iPhone
		{2B4B7C51-C7A9-4153-ADE9-D867E5281ED1}.Debug|iPhoneSimulator.ActiveCfg = Debug|iPhoneSimulator
		{2B4B7C51-C7A9-4153-ADE9-D867E5281ED1}.Debug|iPhoneSimulator.Build.0 = Debug|iPhoneSimulator
		{2B4B7C51-C7A9-4153-ADE9-D867E5281ED1}.Debug|iPhoneSimulator.Deploy.0 = Debug|iPhoneSimulator
		{2B4B7C51-C7A9-4153-ADE9-D867E5281ED1}.Release|Any CPU.ActiveCfg = Release|iPhoneSimulator
		{2B4B7C51-C7A9-4153-ADE9-D867E5281ED1}.Release|Any CPU.Build.0 = Release|iPhoneSimulator
		{2B4B7C51-C7A9-4153-ADE9-D867E5281ED1}.Release|Any CPU.Deploy.0 = Release|iPhoneSimulator
		{2B4B7C51-C7A9-4153-ADE9-D867E5281ED1}.Release|iPhone.ActiveCfg = Release|iPhone
		{2B4B7C51-C7A9-4153-ADE9-D867E5281ED1}.Release|iPhone.Build.0 = Release|iPhone
		{2B4B7C51-C7A9-4153-ADE9-D867E5281ED1}.Release|iPhone.Deploy.0 = Release|iPhone
		{2B4B7C51-C7A9-4153-ADE9-D867E5281ED1}.Release|iPhoneSimulator.ActiveCfg = Release|iPhoneSimulator
		{2B4B7C51-C7A9-4153-ADE9-D867E5281ED1}.Release|iPhoneSimulator.Build.0 = Release|iPhoneSimulator
		{2B4B7C51-C7A9-4153-ADE9-D867E5281ED1}.Release|iPhoneSimulator.Deploy.0 = Release|iPhoneSimulator
		{9323D0BC-D8E1-490F-8D08-52999CBCBC6B}.Debug|Any CPU.ActiveCfg = Debug|Any CPU
		{9323D0BC-D8E1-490F-8D08-52999CBCBC6B}.Debug|Any CPU.Build.0 = Debug|Any CPU
		{9323D0BC-D8E1-490F-8D08-52999CBCBC6B}.Debug|Any CPU.Deploy.0 = Debug|Any CPU
		{9323D0BC-D8E1-490F-8D08-52999CBCBC6B}.Debug|iPhone.ActiveCfg = Debug|Any CPU
		{9323D0BC-D8E1-490F-8D08-52999CBCBC6B}.Debug|iPhone.Build.0 = Debug|Any CPU
		{9323D0BC-D8E1-490F-8D08-52999CBCBC6B}.Debug|iPhone.Deploy.0 = Debug|Any CPU
		{9323D0BC-D8E1-490F-8D08-52999CBCBC6B}.Debug|iPhoneSimulator.ActiveCfg = Debug|Any CPU
		{9323D0BC-D8E1-490F-8D08-52999CBCBC6B}.Debug|iPhoneSimulator.Build.0 = Debug|Any CPU
		{9323D0BC-D8E1-490F-8D08-52999CBCBC6B}.Debug|iPhoneSimulator.Deploy.0 = Debug|Any CPU
		{9323D0BC-D8E1-490F-8D08-52999CBCBC6B}.Release|Any CPU.ActiveCfg = Release|Any CPU
		{9323D0BC-D8E1-490F-8D08-52999CBCBC6B}.Release|Any CPU.Build.0 = Release|Any CPU
		{9323D0BC-D8E1-490F-8D08-52999CBCBC6B}.Release|Any CPU.Deploy.0 = Release|Any CPU
		{9323D0BC-D8E1-490F-8D08-52999CBCBC6B}.Release|iPhone.ActiveCfg = Release|Any CPU
		{9323D0BC-D8E1-490F-8D08-52999CBCBC6B}.Release|iPhone.Build.0 = Release|Any CPU
		{9323D0BC-D8E1-490F-8D08-52999CBCBC6B}.Release|iPhone.Deploy.0 = Release|Any CPU
		{9323D0BC-D8E1-490F-8D08-52999CBCBC6B}.Release|iPhoneSimulator.ActiveCfg = Release|Any CPU
		{9323D0BC-D8E1-490F-8D08-52999CBCBC6B}.Release|iPhoneSimulator.Build.0 = Release|Any CPU
		{9323D0BC-D8E1-490F-8D08-52999CBCBC6B}.Release|iPhoneSimulator.Deploy.0 = Release|Any CPU
	EndGlobalSection
	GlobalSection(SolutionProperties) = preSolution
		HideSolutionNode = FALSE
	EndGlobalSection
	GlobalSection(ExtensibilityGlobals) = postSolution
		SolutionGuid = {55F9C44D-6A5A-47EE-B6B5-7A9C2EBE1F98}
	EndGlobalSection
EndGlobal
